
Microsoft Visual Studio Solution File, Format Version 12.00
# Visual Studio 15
VisualStudioVersion = 15.0.28307.106
MinimumVisualStudioVersion = 10.0.40219.1
Project("{FAE04EC0-301F-11D3-BF4B-00C04F79EFBC}") = "P01_Logger", "P01_Logger\P01_Logger.csproj", "{3A961BC9-53D8-4258-9ECB-BD3AA517BD27}"
EndProject
Global
	GlobalSection(SolutionConfigurationPlatforms) = preSolution
		Debug|Any CPU = Debug|Any CPU
		Release|Any CPU = Release|Any CPU
	EndGlobalSection
	GlobalSection(ProjectConfigurationPlatforms) = postSolution
		{3A961BC9-53D8-4258-9ECB-BD3AA517BD27}.Debug|Any CPU.ActiveCfg = Debug|Any CPU
		{3A961BC9-53D8-4258-9ECB-BD3AA517BD27}.Debug|Any CPU.Build.0 = Debug|Any CPU
		{3A961BC9-53D8-4258-9ECB-BD3AA517BD27}.Release|Any CPU.ActiveCfg = Release|Any CPU
		{3A961BC9-53D8-4258-9ECB-BD3AA517BD27}.Release|Any CPU.Build.0 = Release|Any CPU
	EndGlobalSection
	GlobalSection(SolutionProperties) = preSolution
		HideSolutionNode = FALSE
	EndGlobalSection
	GlobalSection(ExtensibilityGlobals) = postSolution
		SolutionGuid = {CCDD6D39-252A-48CD-924A-ECDCEC1BEED3}
	EndGlobalSection
EndGlobal
