
Microsoft Visual Studio Solution File, Format Version 12.00
# Visual Studio 15
VisualStudioVersion = 15.0.28307.106
MinimumVisualStudioVersion = 10.0.40219.1
Project("{FAE04EC0-301F-11D3-BF4B-00C04F79EFBC}") = "P01_BoxOfString", "P01_BoxOfString\P01_BoxOfString.csproj", "{96D13C85-538E-4133-AA3A-0C4DE7B6ADAA}"
EndProject
Global
	GlobalSection(SolutionConfigurationPlatforms) = preSolution
		Debug|Any CPU = Debug|Any CPU
		Release|Any CPU = Release|Any CPU
	EndGlobalSection
	GlobalSection(ProjectConfigurationPlatforms) = postSolution
		{96D13C85-538E-4133-AA3A-0C4DE7B6ADAA}.Debug|Any CPU.ActiveCfg = Debug|Any CPU
		{96D13C85-538E-4133-AA3A-0C4DE7B6ADAA}.Debug|Any CPU.Build.0 = Debug|Any CPU
		{96D13C85-538E-4133-AA3A-0C4DE7B6ADAA}.Release|Any CPU.ActiveCfg = Release|Any CPU
		{96D13C85-538E-4133-AA3A-0C4DE7B6ADAA}.Release|Any CPU.Build.0 = Release|Any CPU
	EndGlobalSection
	GlobalSection(SolutionProperties) = preSolution
		HideSolutionNode = FALSE
	EndGlobalSection
	GlobalSection(ExtensibilityGlobals) = postSolution
		SolutionGuid = {C2239F2D-22D1-4716-8460-FB91E26C6E94}
	EndGlobalSection
EndGlobal
